
Microsoft Visual Studio Solution File, Format Version 12.00
# Visual Studio Version 16
VisualStudioVersion = 16.0.28803.156
MinimumVisualStudioVersion = 10.0.40219.1
Project("{FAE04EC0-301F-11D3-BF4B-00C04F79EFBC}") = "ChatARendre_Serveur", "ChatARendre\ChatARendre_Serveur.csproj", "{AE099250-961B-4C09-9230-906889FA3ECB}"
EndProject
Project("{FAE04EC0-301F-11D3-BF4B-00C04F79EFBC}") = "ChatARendre_Client", "ChatARendre_Client\ChatARendre_Client.csproj", "{78950665-7F09-48C5-BF39-1CF196F6AD55}"
EndProject
Global
	GlobalSection(SolutionConfigurationPlatforms) = preSolution
		Debug|Any CPU = Debug|Any CPU
		Release|Any CPU = Release|Any CPU
	EndGlobalSection
	GlobalSection(ProjectConfigurationPlatforms) = postSolution
		{AE099250-961B-4C09-9230-906889FA3ECB}.Debug|Any CPU.ActiveCfg = Debug|Any CPU
		{AE099250-961B-4C09-9230-906889FA3ECB}.Debug|Any CPU.Build.0 = Debug|Any CPU
		{AE099250-961B-4C09-9230-906889FA3ECB}.Release|Any CPU.ActiveCfg = Release|Any CPU
		{AE099250-961B-4C09-9230-906889FA3ECB}.Release|Any CPU.Build.0 = Release|Any CPU
		{78950665-7F09-48C5-BF39-1CF196F6AD55}.Debug|Any CPU.ActiveCfg = Debug|Any CPU
		{78950665-7F09-48C5-BF39-1CF196F6AD55}.Debug|Any CPU.Build.0 = Debug|Any CPU
		{78950665-7F09-48C5-BF39-1CF196F6AD55}.Release|Any CPU.ActiveCfg = Release|Any CPU
		{78950665-7F09-48C5-BF39-1CF196F6AD55}.Release|Any CPU.Build.0 = Release|Any CPU
	EndGlobalSection
	GlobalSection(SolutionProperties) = preSolution
		HideSolutionNode = FALSE
	EndGlobalSection
	GlobalSection(ExtensibilityGlobals) = postSolution
		SolutionGuid = {8225BD5E-9A1A-4AB7-9C8E-34AEFB008EEC}
	EndGlobalSection
EndGlobal
